
Microsoft Visual Studio Solution File, Format Version 12.00
# Visual Studio Version 16
VisualStudioVersion = 16.0.29609.76
MinimumVisualStudioVersion = 10.0.40219.1
Project("{FAE04EC0-301F-11D3-BF4B-00C04F79EFBC}") = "NorthwindEF", "NorthwindEF\NorthwindEF.csproj", "{D3F38BF1-67D8-4E0C-B204-AC85A77630C1}"
EndProject
Project("{FAE04EC0-301F-11D3-BF4B-00C04F79EFBC}") = "NorthwindTests", "NorthwindTests\NorthwindTests.csproj", "{99F1545C-BCF1-49E3-8768-E3BB6F9AF003}"
EndProject
Global
	GlobalSection(SolutionConfigurationPlatforms) = preSolution
		Debug|Any CPU = Debug|Any CPU
		Release|Any CPU = Release|Any CPU
	EndGlobalSection
	GlobalSection(ProjectConfigurationPlatforms) = postSolution
		{D3F38BF1-67D8-4E0C-B204-AC85A77630C1}.Debug|Any CPU.ActiveCfg = Debug|Any CPU
		{D3F38BF1-67D8-4E0C-B204-AC85A77630C1}.Debug|Any CPU.Build.0 = Debug|Any CPU
		{D3F38BF1-67D8-4E0C-B204-AC85A77630C1}.Release|Any CPU.ActiveCfg = Release|Any CPU
		{D3F38BF1-67D8-4E0C-B204-AC85A77630C1}.Release|Any CPU.Build.0 = Release|Any CPU
		{99F1545C-BCF1-49E3-8768-E3BB6F9AF003}.Debug|Any CPU.ActiveCfg = Debug|Any CPU
		{99F1545C-BCF1-49E3-8768-E3BB6F9AF003}.Debug|Any CPU.Build.0 = Debug|Any CPU
		{99F1545C-BCF1-49E3-8768-E3BB6F9AF003}.Release|Any CPU.ActiveCfg = Release|Any CPU
		{99F1545C-BCF1-49E3-8768-E3BB6F9AF003}.Release|Any CPU.Build.0 = Release|Any CPU
	EndGlobalSection
	GlobalSection(SolutionProperties) = preSolution
		HideSolutionNode = FALSE
	EndGlobalSection
	GlobalSection(ExtensibilityGlobals) = postSolution
		SolutionGuid = {D0138D39-7FEF-4476-99F0-33DDE5F96E0B}
	EndGlobalSection
EndGlobal
